// !$*UTF8*$!
{
	archiveVersion = 1;
	classes = {
	};
	objectVersion = 48;
	objects = {

/* Begin PBXBuildFile section */
		F428A94D1FF8F39B00ED6EF7 /* StudentInformationArray.swift in Sources */ = {isa = PBXBuildFile; fileRef = F428A94C1FF8F39B00ED6EF7 /* StudentInformationArray.swift */; };
		F42B3D481FF750F500F3520E /* Bolts.framework in Frameworks */ = {isa = PBXBuildFile; fileRef = F42B3D471FF750F500F3520E /* Bolts.framework */; };
		F42B3D4A1FF752B500F3520E /* FBSDKCoreKit.framework in Frameworks */ = {isa = PBXBuildFile; fileRef = F42B3D491FF752B500F3520E /* FBSDKCoreKit.framework */; };
		F42B3D4C1FF752C400F3520E /* FBSDKLoginKit.framework in Frameworks */ = {isa = PBXBuildFile; fileRef = F42B3D4B1FF752C400F3520E /* FBSDKLoginKit.framework */; };
		F42B3D4E1FF754C100F3520E /* Main.storyboard in Resources */ = {isa = PBXBuildFile; fileRef = F42B3D4D1FF754C000F3520E /* Main.storyboard */; };
		F433B84B1FEF177100C1A344 /* StudentCallOut.swift in Sources */ = {isa = PBXBuildFile; fileRef = F433B84A1FEF177100C1A344 /* StudentCallOut.swift */; };
		F433B8551FEFEB6100C1A344 /* StudentCallOutView.swift in Sources */ = {isa = PBXBuildFile; fileRef = F433B8541FEFEB6100C1A344 /* StudentCallOutView.swift */; };
		F433B8571FF0075D00C1A344 /* CustomCallOutView.xib in Resources */ = {isa = PBXBuildFile; fileRef = F433B8561FF0075D00C1A344 /* CustomCallOutView.xib */; };
		F44C3ADE1FC9C5160092E98E /* LoginViewController.swift in Sources */ = {isa = PBXBuildFile; fileRef = F44C3AD71FC9B2E00092E98E /* LoginViewController.swift */; };
		F44C3AE01FC9CB340092E98E /* MapViewController.swift in Sources */ = {isa = PBXBuildFile; fileRef = F44C3ADF1FC9CB340092E98E /* MapViewController.swift */; };
		F47043281FEEB3AC00102127 /* StudentTableViewCell.swift in Sources */ = {isa = PBXBuildFile; fileRef = F47043271FEEB3AB00102127 /* StudentTableViewCell.swift */; };
		F47781F71FD18BFA00F96F85 /* UdacityClient.swift in Sources */ = {isa = PBXBuildFile; fileRef = F47781F61FD18BFA00F96F85 /* UdacityClient.swift */; };
		F47781F91FD2373200F96F85 /* GCDBlackBox.swift in Sources */ = {isa = PBXBuildFile; fileRef = F47781F81FD2373200F96F85 /* GCDBlackBox.swift */; };
		F4918A861FCC4FEC00988F30 /* StudentInformation.swift in Sources */ = {isa = PBXBuildFile; fileRef = F4918A851FCC4FEC00988F30 /* StudentInformation.swift */; };
		F4918A8C1FCDA8DA00988F30 /* PinViewController.swift in Sources */ = {isa = PBXBuildFile; fileRef = F4918A8B1FCDA8DA00988F30 /* PinViewController.swift */; };
		F4A3419A1FF16908002CE3BF /* WebViewController.swift in Sources */ = {isa = PBXBuildFile; fileRef = F4A341991FF16908002CE3BF /* WebViewController.swift */; };
		F4D0B8D11FCA10500013E599 /* UdacityTableViewController.swift in Sources */ = {isa = PBXBuildFile; fileRef = F4D0B8D01FCA10500013E599 /* UdacityTableViewController.swift */; };
		F4E0E1961FC90DF20052FCCB /* AppDelegate.swift in Sources */ = {isa = PBXBuildFile; fileRef = F4E0E1951FC90DF20052FCCB /* AppDelegate.swift */; };
		F4E0E1A01FC90DF20052FCCB /* Assets.xcassets in Resources */ = {isa = PBXBuildFile; fileRef = F4E0E19F1FC90DF20052FCCB /* Assets.xcassets */; };
		F4E0E1A31FC90DF20052FCCB /* LaunchScreen.storyboard in Resources */ = {isa = PBXBuildFile; fileRef = F4E0E1A11FC90DF20052FCCB /* LaunchScreen.storyboard */; };
		F4E0E1AE1FC90DF30052FCCB /* On_The_MapTests.swift in Sources */ = {isa = PBXBuildFile; fileRef = F4E0E1AD1FC90DF30052FCCB /* On_The_MapTests.swift */; };
		F4E0E1B91FC90DF30052FCCB /* On_The_MapUITests.swift in Sources */ = {isa = PBXBuildFile; fileRef = F4E0E1B81FC90DF30052FCCB /* On_The_MapUITests.swift */; };
/* End PBXBuildFile section */

/* Begin PBXContainerItemProxy section */
		F4E0E1AA1FC90DF30052FCCB /* PBXContainerItemProxy */ = {
			isa = PBXContainerItemProxy;
			containerPortal = F4E0E18A1FC90DF20052FCCB /* Project object */;
			proxyType = 1;
			remoteGlobalIDString = F4E0E1911FC90DF20052FCCB;
			remoteInfo = "On The Map";
		};
		F4E0E1B51FC90DF30052FCCB /* PBXContainerItemProxy */ = {
			isa = PBXContainerItemProxy;
			containerPortal = F4E0E18A1FC90DF20052FCCB /* Project object */;
			proxyType = 1;
			remoteGlobalIDString = F4E0E1911FC90DF20052FCCB;
			remoteInfo = "On The Map";
		};
/* End PBXContainerItemProxy section */

/* Begin PBXFileReference section */
		F428A94C1FF8F39B00ED6EF7 /* StudentInformationArray.swift */ = {isa = PBXFileReference; lastKnownFileType = sourcecode.swift; path = StudentInformationArray.swift; sourceTree = "<group>"; };
		F42B3D471FF750F500F3520E /* Bolts.framework */ = {isa = PBXFileReference; lastKnownFileType = wrapper.framework; path = Bolts.framework; sourceTree = "<group>"; };
		F42B3D491FF752B500F3520E /* FBSDKCoreKit.framework */ = {isa = PBXFileReference; lastKnownFileType = wrapper.framework; path = FBSDKCoreKit.framework; sourceTree = "<group>"; };
		F42B3D4B1FF752C400F3520E /* FBSDKLoginKit.framework */ = {isa = PBXFileReference; lastKnownFileType = wrapper.framework; path = FBSDKLoginKit.framework; sourceTree = "<group>"; };
		F42B3D4D1FF754C000F3520E /* Main.storyboard */ = {isa = PBXFileReference; fileEncoding = 4; lastKnownFileType = file.storyboard; path = Main.storyboard; sourceTree = "<group>"; };
		F433B84A1FEF177100C1A344 /* StudentCallOut.swift */ = {isa = PBXFileReference; lastKnownFileType = sourcecode.swift; path = StudentCallOut.swift; sourceTree = "<group>"; };
		F433B8541FEFEB6100C1A344 /* StudentCallOutView.swift */ = {isa = PBXFileReference; lastKnownFileType = sourcecode.swift; path = StudentCallOutView.swift; sourceTree = "<group>"; };
		F433B8561FF0075D00C1A344 /* CustomCallOutView.xib */ = {isa = PBXFileReference; lastKnownFileType = file.xib; path = CustomCallOutView.xib; sourceTree = "<group>"; };
		F44C3AD71FC9B2E00092E98E /* LoginViewController.swift */ = {isa = PBXFileReference; lastKnownFileType = sourcecode.swift; path = LoginViewController.swift; sourceTree = "<group>"; };
		F44C3ADF1FC9CB340092E98E /* MapViewController.swift */ = {isa = PBXFileReference; lastKnownFileType = sourcecode.swift; path = MapViewController.swift; sourceTree = "<group>"; };
		F47043271FEEB3AB00102127 /* StudentTableViewCell.swift */ = {isa = PBXFileReference; lastKnownFileType = sourcecode.swift; path = StudentTableViewCell.swift; sourceTree = "<group>"; };
		F47781F61FD18BFA00F96F85 /* UdacityClient.swift */ = {isa = PBXFileReference; lastKnownFileType = sourcecode.swift; path = UdacityClient.swift; sourceTree = "<group>"; };
		F47781F81FD2373200F96F85 /* GCDBlackBox.swift */ = {isa = PBXFileReference; lastKnownFileType = sourcecode.swift; path = GCDBlackBox.swift; sourceTree = "<group>"; };
		F4918A851FCC4FEC00988F30 /* StudentInformation.swift */ = {isa = PBXFileReference; lastKnownFileType = sourcecode.swift; path = StudentInformation.swift; sourceTree = "<group>"; };
		F4918A8B1FCDA8DA00988F30 /* PinViewController.swift */ = {isa = PBXFileReference; lastKnownFileType = sourcecode.swift; path = PinViewController.swift; sourceTree = "<group>"; };
		F4A341991FF16908002CE3BF /* WebViewController.swift */ = {isa = PBXFileReference; lastKnownFileType = sourcecode.swift; path = WebViewController.swift; sourceTree = "<group>"; };
		F4D0B8D01FCA10500013E599 /* UdacityTableViewController.swift */ = {isa = PBXFileReference; lastKnownFileType = sourcecode.swift; path = UdacityTableViewController.swift; sourceTree = "<group>"; };
		F4E0E1921FC90DF20052FCCB /* On The Map.app */ = {isa = PBXFileReference; explicitFileType = wrapper.application; includeInIndex = 0; path = "On The Map.app"; sourceTree = BUILT_PRODUCTS_DIR; };
		F4E0E1951FC90DF20052FCCB /* AppDelegate.swift */ = {isa = PBXFileReference; lastKnownFileType = sourcecode.swift; path = AppDelegate.swift; sourceTree = "<group>"; };
		F4E0E19F1FC90DF20052FCCB /* Assets.xcassets */ = {isa = PBXFileReference; lastKnownFileType = folder.assetcatalog; path = Assets.xcassets; sourceTree = "<group>"; };
		F4E0E1A21FC90DF20052FCCB /* Base */ = {isa = PBXFileReference; lastKnownFileType = file.storyboard; name = Base; path = Base.lproj/LaunchScreen.storyboard; sourceTree = "<group>"; };
		F4E0E1A41FC90DF20052FCCB /* Info.plist */ = {isa = PBXFileReference; lastKnownFileType = text.plist.xml; path = Info.plist; sourceTree = "<group>"; };
		F4E0E1A91FC90DF30052FCCB /* On The MapTests.xctest */ = {isa = PBXFileReference; explicitFileType = wrapper.cfbundle; includeInIndex = 0; path = "On The MapTests.xctest"; sourceTree = BUILT_PRODUCTS_DIR; };
		F4E0E1AD1FC90DF30052FCCB /* On_The_MapTests.swift */ = {isa = PBXFileReference; lastKnownFileType = sourcecode.swift; path = On_The_MapTests.swift; sourceTree = "<group>"; };
		F4E0E1AF1FC90DF30052FCCB /* Info.plist */ = {isa = PBXFileReference; lastKnownFileType = text.plist.xml; path = Info.plist; sourceTree = "<group>"; };
		F4E0E1B41FC90DF30052FCCB /* On The MapUITests.xctest */ = {isa = PBXFileReference; explicitFileType = wrapper.cfbundle; includeInIndex = 0; path = "On The MapUITests.xctest"; sourceTree = BUILT_PRODUCTS_DIR; };
		F4E0E1B81FC90DF30052FCCB /* On_The_MapUITests.swift */ = {isa = PBXFileReference; lastKnownFileType = sourcecode.swift; path = On_The_MapUITests.swift; sourceTree = "<group>"; };
		F4E0E1BA1FC90DF30052FCCB /* Info.plist */ = {isa = PBXFileReference; lastKnownFileType = text.plist.xml; path = Info.plist; sourceTree = "<group>"; };
/* End PBXFileReference section */

/* Begin PBXFrameworksBuildPhase section */
		F4E0E18F1FC90DF20052FCCB /* Frameworks */ = {
			isa = PBXFrameworksBuildPhase;
			buildActionMask = 2147483647;
			files = (
				F42B3D481FF750F500F3520E /* Bolts.framework in Frameworks */,
				F42B3D4A1FF752B500F3520E /* FBSDKCoreKit.framework in Frameworks */,
				F42B3D4C1FF752C400F3520E /* FBSDKLoginKit.framework in Frameworks */,
			);
			runOnlyForDeploymentPostprocessing = 0;
		};
		F4E0E1A61FC90DF30052FCCB /* Frameworks */ = {
			isa = PBXFrameworksBuildPhase;
			buildActionMask = 2147483647;
			files = (
			);
			runOnlyForDeploymentPostprocessing = 0;
		};
		F4E0E1B11FC90DF30052FCCB /* Frameworks */ = {
			isa = PBXFrameworksBuildPhase;
			buildActionMask = 2147483647;
			files = (
			);
			runOnlyForDeploymentPostprocessing = 0;
		};
/* End PBXFrameworksBuildPhase section */

/* Begin PBXGroup section */
		F44C3AD91FC9C43F0092E98E /* Frameworks */ = {
			isa = PBXGroup;
			children = (
				F42B3D4B1FF752C400F3520E /* FBSDKLoginKit.framework */,
				F42B3D491FF752B500F3520E /* FBSDKCoreKit.framework */,
				F42B3D471FF750F500F3520E /* Bolts.framework */,
			);
			path = Frameworks;
			sourceTree = "<group>";
		};
		F46935051FEA92400080C594 /* Model */ = {
			isa = PBXGroup;
			children = (
				F433B8541FEFEB6100C1A344 /* StudentCallOutView.swift */,
				F47043271FEEB3AB00102127 /* StudentTableViewCell.swift */,
				F433B84A1FEF177100C1A344 /* StudentCallOut.swift */,
				F47781F61FD18BFA00F96F85 /* UdacityClient.swift */,
				F4918A851FCC4FEC00988F30 /* StudentInformation.swift */,
				F428A94C1FF8F39B00ED6EF7 /* StudentInformationArray.swift */,
			);
			path = Model;
			sourceTree = "<group>";
		};
		F46935061FEA92C50080C594 /* View */ = {
			isa = PBXGroup;
			children = (
				F433B8561FF0075D00C1A344 /* CustomCallOutView.xib */,
				F42B3D4D1FF754C000F3520E /* Main.storyboard */,
				F4E0E1A11FC90DF20052FCCB /* LaunchScreen.storyboard */,
				F4E0E19F1FC90DF20052FCCB /* Assets.xcassets */,
			);
			path = View;
			sourceTree = "<group>";
		};
		F46935081FEA92F80080C594 /* Controller */ = {
			isa = PBXGroup;
			children = (
				F4E0E1951FC90DF20052FCCB /* AppDelegate.swift */,
				F4918A8B1FCDA8DA00988F30 /* PinViewController.swift */,
				F44C3ADF1FC9CB340092E98E /* MapViewController.swift */,
				F44C3AD71FC9B2E00092E98E /* LoginViewController.swift */,
				F4D0B8D01FCA10500013E599 /* UdacityTableViewController.swift */,
				F47781F81FD2373200F96F85 /* GCDBlackBox.swift */,
				F4A341991FF16908002CE3BF /* WebViewController.swift */,
			);
			path = Controller;
			sourceTree = "<group>";
		};
		F4E0E1891FC90DF20052FCCB = {
			isa = PBXGroup;
			children = (
				F4E0E1941FC90DF20052FCCB /* On The Map */,
				F4E0E1AC1FC90DF30052FCCB /* On The MapTests */,
				F44C3AD91FC9C43F0092E98E /* Frameworks */,
				F4E0E1B71FC90DF30052FCCB /* On The MapUITests */,
				F4E0E1931FC90DF20052FCCB /* Products */,
			);
			sourceTree = "<group>";
		};
		F4E0E1931FC90DF20052FCCB /* Products */ = {
			isa = PBXGroup;
			children = (
				F4E0E1921FC90DF20052FCCB /* On The Map.app */,
				F4E0E1A91FC90DF30052FCCB /* On The MapTests.xctest */,
				F4E0E1B41FC90DF30052FCCB /* On The MapUITests.xctest */,
			);
			name = Products;
			sourceTree = "<group>";
		};
		F4E0E1941FC90DF20052FCCB /* On The Map */ = {
			isa = PBXGroup;
			children = (
				F4E0E1A41FC90DF20052FCCB /* Info.plist */,
				F46935061FEA92C50080C594 /* View */,
				F46935051FEA92400080C594 /* Model */,
				F46935081FEA92F80080C594 /* Controller */,
			);
			path = "On The Map";
			sourceTree = "<group>";
		};
		F4E0E1AC1FC90DF30052FCCB /* On The MapTests */ = {
			isa = PBXGroup;
			children = (
				F4E0E1AD1FC90DF30052FCCB /* On_The_MapTests.swift */,
				F4E0E1AF1FC90DF30052FCCB /* Info.plist */,
			);
			path = "On The MapTests";
			sourceTree = "<group>";
		};
		F4E0E1B71FC90DF30052FCCB /* On The MapUITests */ = {
			isa = PBXGroup;
			children = (
				F4E0E1B81FC90DF30052FCCB /* On_The_MapUITests.swift */,
				F4E0E1BA1FC90DF30052FCCB /* Info.plist */,
			);
			path = "On The MapUITests";
			sourceTree = "<group>";
		};
/* End PBXGroup section */

/* Begin PBXNativeTarget section */
		F4E0E1911FC90DF20052FCCB /* On The Map */ = {
			isa = PBXNativeTarget;
			buildConfigurationList = F4E0E1BD1FC90DF30052FCCB /* Build configuration list for PBXNativeTarget "On The Map" */;
			buildPhases = (
				F4E0E18E1FC90DF20052FCCB /* Sources */,
				F4E0E18F1FC90DF20052FCCB /* Frameworks */,
				F4E0E1901FC90DF20052FCCB /* Resources */,
			);
			buildRules = (
			);
			dependencies = (
			);
			name = "On The Map";
			productName = "On The Map";
			productReference = F4E0E1921FC90DF20052FCCB /* On The Map.app */;
			productType = "com.apple.product-type.application";
		};
		F4E0E1A81FC90DF30052FCCB /* On The MapTests */ = {
			isa = PBXNativeTarget;
			buildConfigurationList = F4E0E1C01FC90DF30052FCCB /* Build configuration list for PBXNativeTarget "On The MapTests" */;
			buildPhases = (
				F4E0E1A51FC90DF30052FCCB /* Sources */,
				F4E0E1A61FC90DF30052FCCB /* Frameworks */,
				F4E0E1A71FC90DF30052FCCB /* Resources */,
			);
			buildRules = (
			);
			dependencies = (
				F4E0E1AB1FC90DF30052FCCB /* PBXTargetDependency */,
			);
			name = "On The MapTests";
			productName = "On The MapTests";
			productReference = F4E0E1A91FC90DF30052FCCB /* On The MapTests.xctest */;
			productType = "com.apple.product-type.bundle.unit-test";
		};
		F4E0E1B31FC90DF30052FCCB /* On The MapUITests */ = {
			isa = PBXNativeTarget;
			buildConfigurationList = F4E0E1C31FC90DF30052FCCB /* Build configuration list for PBXNativeTarget "On The MapUITests" */;
			buildPhases = (
				F4E0E1B01FC90DF30052FCCB /* Sources */,
				F4E0E1B11FC90DF30052FCCB /* Frameworks */,
				F4E0E1B21FC90DF30052FCCB /* Resources */,
			);
			buildRules = (
			);
			dependencies = (
				F4E0E1B61FC90DF30052FCCB /* PBXTargetDependency */,
			);
			name = "On The MapUITests";
			productName = "On The MapUITests";
			productReference = F4E0E1B41FC90DF30052FCCB /* On The MapUITests.xctest */;
			productType = "com.apple.product-type.bundle.ui-testing";
		};
/* End PBXNativeTarget section */

/* Begin PBXProject section */
		F4E0E18A1FC90DF20052FCCB /* Project object */ = {
			isa = PBXProject;
			attributes = {
				LastSwiftUpdateCheck = 0910;
				LastUpgradeCheck = 0910;
				ORGANIZATIONNAME = "Ryan Berry";
				TargetAttributes = {
					F4E0E1911FC90DF20052FCCB = {
						CreatedOnToolsVersion = 9.1;
						ProvisioningStyle = Automatic;
					};
					F4E0E1A81FC90DF30052FCCB = {
						CreatedOnToolsVersion = 9.1;
						ProvisioningStyle = Automatic;
						TestTargetID = F4E0E1911FC90DF20052FCCB;
					};
					F4E0E1B31FC90DF30052FCCB = {
						CreatedOnToolsVersion = 9.1;
						ProvisioningStyle = Automatic;
						TestTargetID = F4E0E1911FC90DF20052FCCB;
					};
				};
			};
			buildConfigurationList = F4E0E18D1FC90DF20052FCCB /* Build configuration list for PBXProject "On The Map" */;
			compatibilityVersion = "Xcode 8.0";
			developmentRegion = en;
			hasScannedForEncodings = 0;
			knownRegions = (
				en,
				Base,
			);
			mainGroup = F4E0E1891FC90DF20052FCCB;
			productRefGroup = F4E0E1931FC90DF20052FCCB /* Products */;
			projectDirPath = "";
			projectRoot = "";
			targets = (
				F4E0E1911FC90DF20052FCCB /* On The Map */,
				F4E0E1A81FC90DF30052FCCB /* On The MapTests */,
				F4E0E1B31FC90DF30052FCCB /* On The MapUITests */,
			);
		};
/* End PBXProject section */

/* Begin PBXResourcesBuildPhase section */
		F4E0E1901FC90DF20052FCCB /* Resources */ = {
			isa = PBXResourcesBuildPhase;
			buildActionMask = 2147483647;
			files = (
				F433B8571FF0075D00C1A344 /* CustomCallOutView.xib in Resources */,
				F42B3D4E1FF754C100F3520E /* Main.storyboard in Resources */,
				F4E0E1A31FC90DF20052FCCB /* LaunchScreen.storyboard in Resources */,
				F4E0E1A01FC90DF20052FCCB /* Assets.xcassets in Resources */,
			);
			runOnlyForDeploymentPostprocessing = 0;
		};
		F4E0E1A71FC90DF30052FCCB /* Resources */ = {
			isa = PBXResourcesBuildPhase;
			buildActionMask = 2147483647;
			files = (
			);
			runOnlyForDeploymentPostprocessing = 0;
		};
		F4E0E1B21FC90DF30052FCCB /* Resources */ = {
			isa = PBXResourcesBuildPhase;
			buildActionMask = 2147483647;
			files = (
			);
			runOnlyForDeploymentPostprocessing = 0;
		};
/* End PBXResourcesBuildPhase section */

/* Begin PBXSourcesBuildPhase section */
		F4E0E18E1FC90DF20052FCCB /* Sources */ = {
			isa = PBXSourcesBuildPhase;
			buildActionMask = 2147483647;
			files = (
				F433B84B1FEF177100C1A344 /* StudentCallOut.swift in Sources */,
				F47781F91FD2373200F96F85 /* GCDBlackBox.swift in Sources */,
				F4918A861FCC4FEC00988F30 /* StudentInformation.swift in Sources */,
				F44C3ADE1FC9C5160092E98E /* LoginViewController.swift in Sources */,
				F4918A8C1FCDA8DA00988F30 /* PinViewController.swift in Sources */,
				F44C3AE01FC9CB340092E98E /* MapViewController.swift in Sources */,
				F47043281FEEB3AC00102127 /* StudentTableViewCell.swift in Sources */,
				F4A3419A1FF16908002CE3BF /* WebViewController.swift in Sources */,
				F428A94D1FF8F39B00ED6EF7 /* StudentInformationArray.swift in Sources */,
				F4D0B8D11FCA10500013E599 /* UdacityTableViewController.swift in Sources */,
				F47781F71FD18BFA00F96F85 /* UdacityClient.swift in Sources */,
				F4E0E1961FC90DF20052FCCB /* AppDelegate.swift in Sources */,
				F433B8551FEFEB6100C1A344 /* StudentCallOutView.swift in Sources */,
			);
			runOnlyForDeploymentPostprocessing = 0;
		};
		F4E0E1A51FC90DF30052FCCB /* Sources */ = {
			isa = PBXSourcesBuildPhase;
			buildActionMask = 2147483647;
			files = (
				F4E0E1AE1FC90DF30052FCCB /* On_The_MapTests.swift in Sources */,
			);
			runOnlyForDeploymentPostprocessing = 0;
		};
		F4E0E1B01FC90DF30052FCCB /* Sources */ = {
			isa = PBXSourcesBuildPhase;
			buildActionMask = 2147483647;
			files = (
				F4E0E1B91FC90DF30052FCCB /* On_The_MapUITests.swift in Sources */,
			);
			runOnlyForDeploymentPostprocessing = 0;
		};
/* End PBXSourcesBuildPhase section */

/* Begin PBXTargetDependency section */
		F4E0E1AB1FC90DF30052FCCB /* PBXTargetDependency */ = {
			isa = PBXTargetDependency;
			target = F4E0E1911FC90DF20052FCCB /* On The Map */;
			targetProxy = F4E0E1AA1FC90DF30052FCCB /* PBXContainerItemProxy */;
		};
		F4E0E1B61FC90DF30052FCCB /* PBXTargetDependency */ = {
			isa = PBXTargetDependency;
			target = F4E0E1911FC90DF20052FCCB /* On The Map */;
			targetProxy = F4E0E1B51FC90DF30052FCCB /* PBXContainerItemProxy */;
		};
/* End PBXTargetDependency section */

/* Begin PBXVariantGroup section */
		F4E0E1A11FC90DF20052FCCB /* LaunchScreen.storyboard */ = {
			isa = PBXVariantGroup;
			children = (
				F4E0E1A21FC90DF20052FCCB /* Base */,
			);
			name = LaunchScreen.storyboard;
			sourceTree = "<group>";
		};
/* End PBXVariantGroup section */

/* Begin XCBuildConfiguration section */
		F4E0E1BB1FC90DF30052FCCB /* Debug */ = {
			isa = XCBuildConfiguration;
			buildSettings = {
				ALWAYS_SEARCH_USER_PATHS = NO;
				CLANG_ANALYZER_NONNULL = YES;
				CLANG_ANALYZER_NUMBER_OBJECT_CONVERSION = YES_AGGRESSIVE;
				CLANG_CXX_LANGUAGE_STANDARD = "gnu++14";
				CLANG_CXX_LIBRARY = "libc++";
				CLANG_ENABLE_MODULES = YES;
				CLANG_ENABLE_OBJC_ARC = YES;
				CLANG_WARN_BLOCK_CAPTURE_AUTORELEASING = YES;
				CLANG_WARN_BOOL_CONVERSION = YES;
				CLANG_WARN_COMMA = YES;
				CLANG_WARN_CONSTANT_CONVERSION = YES;
				CLANG_WARN_DIRECT_OBJC_ISA_USAGE = YES_ERROR;
				CLANG_WARN_DOCUMENTATION_COMMENTS = YES;
				CLANG_WARN_EMPTY_BODY = YES;
				CLANG_WARN_ENUM_CONVERSION = YES;
				CLANG_WARN_INFINITE_RECURSION = YES;
				CLANG_WARN_INT_CONVERSION = YES;
				CLANG_WARN_NON_LITERAL_NULL_CONVERSION = YES;
				CLANG_WARN_OBJC_LITERAL_CONVERSION = YES;
				CLANG_WARN_OBJC_ROOT_CLASS = YES_ERROR;
				CLANG_WARN_RANGE_LOOP_ANALYSIS = YES;
				CLANG_WARN_STRICT_PROTOTYPES = YES;
				CLANG_WARN_SUSPICIOUS_MOVE = YES;
				CLANG_WARN_UNGUARDED_AVAILABILITY = YES_AGGRESSIVE;
				CLANG_WARN_UNREACHABLE_CODE = YES;
				CLANG_WARN__DUPLICATE_METHOD_MATCH = YES;
				CODE_SIGN_IDENTITY = "iPhone Developer";
				COPY_PHASE_STRIP = NO;
				DEBUG_INFORMATION_FORMAT = dwarf;
				ENABLE_STRICT_OBJC_MSGSEND = YES;
				ENABLE_TESTABILITY = YES;
				GCC_C_LANGUAGE_STANDARD = gnu11;
				GCC_DYNAMIC_NO_PIC = NO;
				GCC_NO_COMMON_BLOCKS = YES;
				GCC_OPTIMIZATION_LEVEL = 0;
				GCC_PREPROCESSOR_DEFINITIONS = (
					"DEBUG=1",
					"$(inherited)",
				);
				GCC_WARN_64_TO_32_BIT_CONVERSION = YES;
				GCC_WARN_ABOUT_RETURN_TYPE = YES_ERROR;
				GCC_WARN_UNDECLARED_SELECTOR = YES;
				GCC_WARN_UNINITIALIZED_AUTOS = YES_AGGRESSIVE;
				GCC_WARN_UNUSED_FUNCTION = YES;
				GCC_WARN_UNUSED_VARIABLE = YES;
				IPHONEOS_DEPLOYMENT_TARGET = 11.1;
				MTL_ENABLE_DEBUG_INFO = YES;
				ONLY_ACTIVE_ARCH = YES;
				SDKROOT = iphoneos;
				SWIFT_ACTIVE_COMPILATION_CONDITIONS = DEBUG;
				SWIFT_OPTIMIZATION_LEVEL = "-Onone";
			};
			name = Debug;
		};
		F4E0E1BC1FC90DF30052FCCB /* Release */ = {
			isa = XCBuildConfiguration;
			buildSettings = {
				ALWAYS_SEARCH_USER_PATHS = NO;
				CLANG_ANALYZER_NONNULL = YES;
				CLANG_ANALYZER_NUMBER_OBJECT_CONVERSION = YES_AGGRESSIVE;
				CLANG_CXX_LANGUAGE_STANDARD = "gnu++14";
				CLANG_CXX_LIBRARY = "libc++";
				CLANG_ENABLE_MODULES = YES;
				CLANG_ENABLE_OBJC_ARC = YES;
				CLANG_WARN_BLOCK_CAPTURE_AUTORELEASING = YES;
				CLANG_WARN_BOOL_CONVERSION = YES;
				CLANG_WARN_COMMA = YES;
				CLANG_WARN_CONSTANT_CONVERSION = YES;
				CLANG_WARN_DIRECT_OBJC_ISA_USAGE = YES_ERROR;
				CLANG_WARN_DOCUMENTATION_COMMENTS = YES;
				CLANG_WARN_EMPTY_BODY = YES;
				CLANG_WARN_ENUM_CONVERSION = YES;
				CLANG_WARN_INFINITE_RECURSION = YES;
				CLANG_WARN_INT_CONVERSION = YES;
				CLANG_WARN_NON_LITERAL_NULL_CONVERSION = YES;
				CLANG_WARN_OBJC_LITERAL_CONVERSION = YES;
				CLANG_WARN_OBJC_ROOT_CLASS = YES_ERROR;
				CLANG_WARN_RANGE_LOOP_ANALYSIS = YES;
				CLANG_WARN_STRICT_PROTOTYPES = YES;
				CLANG_WARN_SUSPICIOUS_MOVE = YES;
				CLANG_WARN_UNGUARDED_AVAILABILITY = YES_AGGRESSIVE;
				CLANG_WARN_UNREACHABLE_CODE = YES;
				CLANG_WARN__DUPLICATE_METHOD_MATCH = YES;
				CODE_SIGN_IDENTITY = "iPhone Developer";
				COPY_PHASE_STRIP = NO;
				DEBUG_INFORMATION_FORMAT = "dwarf-with-dsym";
				ENABLE_NS_ASSERTIONS = NO;
				ENABLE_STRICT_OBJC_MSGSEND = YES;
				GCC_C_LANGUAGE_STANDARD = gnu11;
				GCC_NO_COMMON_BLOCKS = YES;
				GCC_WARN_64_TO_32_BIT_CONVERSION = YES;
				GCC_WARN_ABOUT_RETURN_TYPE = YES_ERROR;
				GCC_WARN_UNDECLARED_SELECTOR = YES;
				GCC_WARN_UNINITIALIZED_AUTOS = YES_AGGRESSIVE;
				GCC_WARN_UNUSED_FUNCTION = YES;
				GCC_WARN_UNUSED_VARIABLE = YES;
				IPHONEOS_DEPLOYMENT_TARGET = 11.1;
				MTL_ENABLE_DEBUG_INFO = NO;
				SDKROOT = iphoneos;
				SWIFT_OPTIMIZATION_LEVEL = "-Owholemodule";
				VALIDATE_PRODUCT = YES;
			};
			name = Release;
		};
		F4E0E1BE1FC90DF30052FCCB /* Debug */ = {
			isa = XCBuildConfiguration;
			buildSettings = {
				ASSETCATALOG_COMPILER_APPICON_NAME = AppIcon;
				CODE_SIGN_STYLE = Automatic;
				DEVELOPMENT_TEAM = H9358L54K6;
				ENABLE_BITCODE = NO;
				FRAMEWORK_SEARCH_PATHS = (
					"$(inherited)",
					"$(PROJECT_DIR)/Frameworks",
					"$(PROJECT_DIR)/FacebookSDKs-iOS-4",
				);
				INFOPLIST_FILE = "On The Map/Info.plist";
				LD_RUNPATH_SEARCH_PATHS = "$(inherited) @executable_path/Frameworks";
				PRODUCT_BUNDLE_IDENTIFIER = "com.Berry.On-The-Map";
				PRODUCT_NAME = "$(TARGET_NAME)";
				SWIFT_VERSION = 4.0;
				TARGETED_DEVICE_FAMILY = "1,2";
			};
			name = Debug;
		};
		F4E0E1BF1FC90DF30052FCCB /* Release */ = {
			isa = XCBuildConfiguration;
			buildSettings = {
				ASSETCATALOG_COMPILER_APPICON_NAME = AppIcon;
				CODE_SIGN_STYLE = Automatic;
				DEVELOPMENT_TEAM = H9358L54K6;
				ENABLE_BITCODE = NO;
				FRAMEWORK_SEARCH_PATHS = (
					"$(inherited)",
					"$(PROJECT_DIR)/Frameworks",
					"$(PROJECT_DIR)/FacebookSDKs-iOS-4",
				);
				INFOPLIST_FILE = "On The Map/Info.plist";
				LD_RUNPATH_SEARCH_PATHS = "$(inherited) @executable_path/Frameworks";
				PRODUCT_BUNDLE_IDENTIFIER = "com.Berry.On-The-Map";
				PRODUCT_NAME = "$(TARGET_NAME)";
				SWIFT_VERSION = 4.0;
				TARGETED_DEVICE_FAMILY = "1,2";
			};
			name = Release;
		};
		F4E0E1C11FC90DF30052FCCB /* Debug */ = {
			isa = XCBuildConfiguration;
			buildSettings = {
				ALWAYS_EMBED_SWIFT_STANDARD_LIBRARIES = YES;
				BUNDLE_LOADER = "$(TEST_HOST)";
				CODE_SIGN_STYLE = Automatic;
				DEVELOPMENT_TEAM = H9358L54K6;
				INFOPLIST_FILE = "On The MapTests/Info.plist";
				LD_RUNPATH_SEARCH_PATHS = "$(inherited) @executable_path/Frameworks @loader_path/Frameworks";
				PRODUCT_BUNDLE_IDENTIFIER = "com.Berry.On-The-MapTests";
				PRODUCT_NAME = "$(TARGET_NAME)";
				SWIFT_VERSION = 4.0;
				TARGETED_DEVICE_FAMILY = "1,2";
				TEST_HOST = "$(BUILT_PRODUCTS_DIR)/On The Map.app/On The Map";
			};
			name = Debug;
		};
		F4E0E1C21FC90DF30052FCCB /* Release */ = {
			isa = XCBuildConfiguration;
			buildSettings = {
				ALWAYS_EMBED_SWIFT_STANDARD_LIBRARIES = YES;
				BUNDLE_LOADER = "$(TEST_HOST)";
				CODE_SIGN_STYLE = Automatic;
				DEVELOPMENT_TEAM = H9358L54K6;
				INFOPLIST_FILE = "On The MapTests/Info.plist";
				LD_RUNPATH_SEARCH_PATHS = "$(inherited) @executable_path/Frameworks @loader_path/Frameworks";
				PRODUCT_BUNDLE_IDENTIFIER = "com.Berry.On-The-MapTests";
				PRODUCT_NAME = "$(TARGET_NAME)";
				SWIFT_VERSION = 4.0;
				TARGETED_DEVICE_FAMILY = "1,2";
				TEST_HOST = "$(BUILT_PRODUCTS_DIR)/On The Map.app/On The Map";
			};
			name = Release;
		};
		F4E0E1C41FC90DF30052FCCB /* Debug */ = {
			isa = XCBuildConfiguration;
			buildSettings = {
				ALWAYS_EMBED_SWIFT_STANDARD_LIBRARIES = YES;
				CODE_SIGN_STYLE = Automatic;
				DEVELOPMENT_TEAM = H9358L54K6;
				INFOPLIST_FILE = "On The MapUITests/Info.plist";
				LD_RUNPATH_SEARCH_PATHS = "$(inherited) @executable_path/Frameworks @loader_path/Frameworks";
				PRODUCT_BUNDLE_IDENTIFIER = "com.Berry.On-The-MapUITests";
				PRODUCT_NAME = "$(TARGET_NAME)";
				SWIFT_VERSION = 4.0;
				TARGETED_DEVICE_FAMILY = "1,2";
				TEST_TARGET_NAME = "On The Map";
			};
			name = Debug;
		};
		F4E0E1C51FC90DF30052FCCB /* Release */ = {
			isa = XCBuildConfiguration;
			buildSettings = {
				ALWAYS_EMBED_SWIFT_STANDARD_LIBRARIES = YES;
				CODE_SIGN_STYLE = Automatic;
				DEVELOPMENT_TEAM = H9358L54K6;
				INFOPLIST_FILE = "On The MapUITests/Info.plist";
				LD_RUNPATH_SEARCH_PATHS = "$(inherited) @executable_path/Frameworks @loader_path/Frameworks";
				PRODUCT_BUNDLE_IDENTIFIER = "com.Berry.On-The-MapUITests";
				PRODUCT_NAME = "$(TARGET_NAME)";
				SWIFT_VERSION = 4.0;
				TARGETED_DEVICE_FAMILY = "1,2";
				TEST_TARGET_NAME = "On The Map";
			};
			name = Release;
		};
/* End XCBuildConfiguration section */

/* Begin XCConfigurationList section */
		F4E0E18D1FC90DF20052FCCB /* Build configuration list for PBXProject "On The Map" */ = {
			isa = XCConfigurationList;
			buildConfigurations = (
				F4E0E1BB1FC90DF30052FCCB /* Debug */,
				F4E0E1BC1FC90DF30052FCCB /* Release */,
			);
			defaultConfigurationIsVisible = 0;
			defaultConfigurationName = Release;
		};
		F4E0E1BD1FC90DF30052FCCB /* Build configuration list for PBXNativeTarget "On The Map" */ = {
			isa = XCConfigurationList;
			buildConfigurations = (
				F4E0E1BE1FC90DF30052FCCB /* Debug */,
				F4E0E1BF1FC90DF30052FCCB /* Release */,
			);
			defaultConfigurationIsVisible = 0;
			defaultConfigurationName = Release;
		};
		F4E0E1C01FC90DF30052FCCB /* Build configuration list for PBXNativeTarget "On The MapTests" */ = {
			isa = XCConfigurationList;
			buildConfigurations = (
				F4E0E1C11FC90DF30052FCCB /* Debug */,
				F4E0E1C21FC90DF30052FCCB /* Release */,
			);
			defaultConfigurationIsVisible = 0;
			defaultConfigurationName = Release;
		};
		F4E0E1C31FC90DF30052FCCB /* Build configuration list for PBXNativeTarget "On The MapUITests" */ = {
			isa = XCConfigurationList;
			buildConfigurations = (
				F4E0E1C41FC90DF30052FCCB /* Debug */,
				F4E0E1C51FC90DF30052FCCB /* Release */,
			);
			defaultConfigurationIsVisible = 0;
			defaultConfigurationName = Release;
		};
/* End XCConfigurationList section */
	};
	rootObject = F4E0E18A1FC90DF20052FCCB /* Project object */;
}
